
Microsoft Visual Studio Solution File, Format Version 12.00
# Visual Studio 15
VisualStudioVersion = 15.0.28307.271
MinimumVisualStudioVersion = 10.0.40219.1
Project("{8BC9CEB8-8B4A-11D0-8D11-00A0C91BC942}") = "zjunit", "zjunit\zjunit.vcxproj", "{899CECA1-C6CF-4DFC-A8A0-B29CE3411CBB}"
EndProject
Global
	GlobalSection(SolutionConfigurationPlatforms) = preSolution
		Debug|x64 = Debug|x64
		Debug|x86 = Debug|x86
		Release|x64 = Release|x64
		Release|x86 = Release|x86
	EndGlobalSection
	GlobalSection(ProjectConfigurationPlatforms) = postSolution
		{899CECA1-C6CF-4DFC-A8A0-B29CE3411CBB}.Debug|x64.ActiveCfg = Debug|x64
		{899CECA1-C6CF-4DFC-A8A0-B29CE3411CBB}.Debug|x64.Build.0 = Debug|x64
		{899CECA1-C6CF-4DFC-A8A0-B29CE3411CBB}.Debug|x86.ActiveCfg = Debug|Win32
		{899CECA1-C6CF-4DFC-A8A0-B29CE3411CBB}.Debug|x86.Build.0 = Debug|Win32
		{899CECA1-C6CF-4DFC-A8A0-B29CE3411CBB}.Release|x64.ActiveCfg = Release|x64
		{899CECA1-C6CF-4DFC-A8A0-B29CE3411CBB}.Release|x64.Build.0 = Release|x64
		{899CECA1-C6CF-4DFC-A8A0-B29CE3411CBB}.Release|x86.ActiveCfg = Release|Win32
		{899CECA1-C6CF-4DFC-A8A0-B29CE3411CBB}.Release|x86.Build.0 = Release|Win32
	EndGlobalSection
	GlobalSection(SolutionProperties) = preSolution
		HideSolutionNode = FALSE
	EndGlobalSection
	GlobalSection(ExtensibilityGlobals) = postSolution
		SolutionGuid = {44A4B92D-4ECB-4ECC-AD65-C41B92FBC5FE}
	EndGlobalSection
EndGlobal
